
Microsoft Visual Studio Solution File, Format Version 12.00
# Visual Studio Version 16
VisualStudioVersion = 16.0.30621.155
MinimumVisualStudioVersion = 10.0.40219.1
Project("{FAE04EC0-301F-11D3-BF4B-00C04F79EFBC}") = "Aplicacao_Kolping", "Aplicacao_Kolping\Aplicacao_Kolping.csproj", "{15C83FDB-848E-479A-B345-D399EEBEA670}"
EndProject
Global
	GlobalSection(SolutionConfigurationPlatforms) = preSolution
		Debug|Any CPU = Debug|Any CPU
		Release|Any CPU = Release|Any CPU
	EndGlobalSection
	GlobalSection(ProjectConfigurationPlatforms) = postSolution
		{15C83FDB-848E-479A-B345-D399EEBEA670}.Debug|Any CPU.ActiveCfg = Debug|Any CPU
		{15C83FDB-848E-479A-B345-D399EEBEA670}.Debug|Any CPU.Build.0 = Debug|Any CPU
		{15C83FDB-848E-479A-B345-D399EEBEA670}.Release|Any CPU.ActiveCfg = Release|Any CPU
		{15C83FDB-848E-479A-B345-D399EEBEA670}.Release|Any CPU.Build.0 = Release|Any CPU
	EndGlobalSection
	GlobalSection(SolutionProperties) = preSolution
		HideSolutionNode = FALSE
	EndGlobalSection
	GlobalSection(ExtensibilityGlobals) = postSolution
		SolutionGuid = {A4E0FAD7-9BBB-4094-ABCB-501D0097DD35}
	EndGlobalSection
EndGlobal
